<?xml version="1.0" encoding="utf-8"?>
<Project ToolsVersion="4.0" xmlns="http://schemas.microsoft.com/developer/msbuild/2003">
  <ItemGroup>
    <Filter Include="Исходные файлы">
      <UniqueIdentifier>{4FC737F1-C7A5-4376-A066-2A32D752A2FF}</UniqueIdentifier>
      <Extensions>cpp;c;cc;cxx;c++;cppm;ixx;def;odl;idl;hpj;bat;asm;asmx</Extensions>
    </Filter>
    <Filter Include="Файлы ресурсов">
      <UniqueIdentifier>{67DA6AB6-F800-4c08-8B7A-83BB121AAD01}</UniqueIdentifier>
      <Extensions>rc;ico;cur;bmp;dlg;rc2;rct;bin;rgs;gif;jpg;jpeg;jpe;resx;tiff;tif;png;wav;mfcribbon-ms</Extensions>
    </Filter>
    <Filter Include="Исходные файлы\projection">
      <UniqueIdentifier>{057edadb-9bb6-4f69-a25d-3f821de840a3}</UniqueIdentifier>
    </Filter>
    <Filter Include="Исходные файлы\projection\visual">
      <UniqueIdentifier>{2a9005a1-2161-48b2-9ceb-7a539c902a77}</UniqueIdentifier>
    </Filter>
    <Filter Include="Исходные файлы\projection\graph">
      <UniqueIdentifier>{f86be5bd-c31e-473d-a12e-7ff3d9945879}</UniqueIdentifier>
    </Filter>
  </ItemGroup>
  <ItemGroup>
    <ClCompile Include="MainFail.cpp">
      <Filter>Исходные файлы</Filter>
    </ClCompile>
  </ItemGroup>
  <ItemGroup>
    <ClInclude Include="client.h">
      <Filter>Исходные файлы</Filter>
    </ClInclude>
    <ClInclude Include="nodeBoard.h">
      <Filter>Исходные файлы\projection</Filter>
    </ClInclude>
    <ClInclude Include="visualConnection.h">
      <Filter>Исходные файлы\projection\visual</Filter>
    </ClInclude>
    <ClInclude Include="visualNode.h">
      <Filter>Исходные файлы\projection\visual</Filter>
    </ClInclude>
    <ClInclude Include="periodLimiter.h">
      <Filter>Исходные файлы</Filter>
    </ClInclude>
    <ClInclude Include="visual.h">
      <Filter>Исходные файлы\projection\visual</Filter>
    </ClInclude>
    <ClInclude Include="visualAttribute.h">
      <Filter>Исходные файлы\projection\visual</Filter>
    </ClInclude>
    <ClInclude Include="visualWay.h">
      <Filter>Исходные файлы\projection\visual</Filter>
    </ClInclude>
    <ClInclude Include="graph.h">
      <Filter>Исходные файлы\projection\graph</Filter>
    </ClInclude>
    <ClInclude Include="autoExpandHandler.h">
      <Filter>Исходные файлы\projection\graph</Filter>
    </ClInclude>
    <ClInclude Include="spreadHandler.h">
      <Filter>Исходные файлы\projection\graph</Filter>
    </ClInclude>
    <ClInclude Include="userH.h">
      <Filter>Исходные файлы\projection\graph</Filter>
    </ClInclude>
    <ClInclude Include="ideDisplay.h">
      <Filter>Исходные файлы</Filter>
    </ClInclude>
    <ClInclude Include="visualNodeFill.h">
      <Filter>Исходные файлы\projection\visual</Filter>
    </ClInclude>
    <ClInclude Include="vnDataUpdateH.h">
      <Filter>Исходные файлы\projection\graph</Filter>
    </ClInclude>
  </ItemGroup>
</Project>