<?xml version="1.0" encoding="utf-8"?>
<Project ToolsVersion="4.0" xmlns="http://schemas.microsoft.com/developer/msbuild/2003">
  <ItemGroup>
    <Filter Include="Файлы заголовков">
      <UniqueIdentifier>{93995380-89BD-4b04-88EB-625FBE52EBFB}</UniqueIdentifier>
      <Extensions>h;hh;hpp;hxx;h++;hm;inl;inc;ipp;xsd</Extensions>
    </Filter>
    <Filter Include="Файлы ресурсов">
      <UniqueIdentifier>{67DA6AB6-F800-4c08-8B7A-83BB121AAD01}</UniqueIdentifier>
      <Extensions>rc;ico;cur;bmp;dlg;rc2;rct;bin;rgs;gif;jpg;jpeg;jpe;resx;tiff;tif;png;wav;mfcribbon-ms</Extensions>
    </Filter>
    <Filter Include="Исходные файлы">
      <UniqueIdentifier>{70c2c100-5d14-4724-aee2-fe4840a09b77}</UniqueIdentifier>
    </Filter>
    <Filter Include="Исходные файлы\node">
      <UniqueIdentifier>{f52fceb8-2277-4619-8e10-db7e7174e4e5}</UniqueIdentifier>
    </Filter>
    <Filter Include="Исходные файлы\entity">
      <UniqueIdentifier>{6424a8b0-e0b7-4dd8-ad44-9b0e938ed57d}</UniqueIdentifier>
    </Filter>
    <Filter Include="Исходные файлы\connectionRule">
      <UniqueIdentifier>{ab28fe1b-b2e4-4ef5-98d5-2b4178af645c}</UniqueIdentifier>
    </Filter>
    <Filter Include="Исходные файлы\serializer">
      <UniqueIdentifier>{7e67edad-87be-4395-a415-f96a003e0990}</UniqueIdentifier>
    </Filter>
  </ItemGroup>
  <ItemGroup>
    <ClInclude Include="connecter.h">
      <Filter>Исходные файлы</Filter>
    </ClInclude>
    <ClInclude Include="typeDeclarations.h">
      <Filter>Исходные файлы</Filter>
    </ClInclude>
    <ClInclude Include="nodeStorage.h">
      <Filter>Исходные файлы</Filter>
    </ClInclude>
    <ClInclude Include="connectionPointer.h">
      <Filter>Исходные файлы</Filter>
    </ClInclude>
    <ClInclude Include="creator.h">
      <Filter>Исходные файлы</Filter>
    </ClInclude>
    <ClInclude Include="variablePtr.h">
      <Filter>Исходные файлы</Filter>
    </ClInclude>
    <ClInclude Include="nodeOperationSet.h">
      <Filter>Исходные файлы</Filter>
    </ClInclude>
    <ClInclude Include="group.h">
      <Filter>Исходные файлы</Filter>
    </ClInclude>
    <ClInclude Include="hubManager.h">
      <Filter>Исходные файлы</Filter>
    </ClInclude>
    <ClInclude Include="hubPosPair.h">
      <Filter>Исходные файлы</Filter>
    </ClInclude>
    <ClInclude Include="compressor.h">
      <Filter>Исходные файлы</Filter>
    </ClInclude>
    <ClInclude Include="typeNames.h">
      <Filter>Исходные файлы</Filter>
    </ClInclude>
    <ClInclude Include="textOut.h">
      <Filter>Исходные файлы</Filter>
    </ClInclude>
    <ClInclude Include="portSearch.h">
      <Filter>Исходные файлы</Filter>
    </ClInclude>
    <ClInclude Include="fileSerializer.h">
      <Filter>Исходные файлы</Filter>
    </ClInclude>
    <ClInclude Include="condition.h">
      <Filter>Исходные файлы\node</Filter>
    </ClInclude>
    <ClInclude Include="groupPtr.h">
      <Filter>Исходные файлы\node</Filter>
    </ClInclude>
    <ClInclude Include="mathOperation.h">
      <Filter>Исходные файлы\node</Filter>
    </ClInclude>
    <ClInclude Include="method.h">
      <Filter>Исходные файлы\node</Filter>
    </ClInclude>
    <ClInclude Include="nodePtr.h">
      <Filter>Исходные файлы\node</Filter>
    </ClInclude>
    <ClInclude Include="pointerPtr.h">
      <Filter>Исходные файлы\node</Filter>
    </ClInclude>
    <ClInclude Include="text.h">
      <Filter>Исходные файлы\node</Filter>
    </ClInclude>
    <ClInclude Include="hubPtr.h">
      <Filter>Исходные файлы\node</Filter>
    </ClInclude>
    <ClInclude Include="garbageCollector.h">
      <Filter>Исходные файлы</Filter>
    </ClInclude>
    <ClInclude Include="enums.h">
      <Filter>Исходные файлы</Filter>
    </ClInclude>
    <ClInclude Include="operator.h">
      <Filter>Исходные файлы\node</Filter>
    </ClInclude>
    <ClInclude Include="vector.h">
      <Filter>Исходные файлы\node</Filter>
    </ClInclude>
    <ClInclude Include="vectorOperation.h">
      <Filter>Исходные файлы\node</Filter>
    </ClInclude>
    <ClInclude Include="connectionOperation.h">
      <Filter>Исходные файлы\node</Filter>
    </ClInclude>
    <ClInclude Include="creationOperation.h">
      <Filter>Исходные файлы\node</Filter>
    </ClInclude>
    <ClInclude Include="pointerMovementOperation.h">
      <Filter>Исходные файлы\node</Filter>
    </ClInclude>
    <ClInclude Include="hubManagement.h">
      <Filter>Исходные файлы\node</Filter>
    </ClInclude>
    <ClInclude Include="operatorManagement.h">
      <Filter>Исходные файлы\node</Filter>
    </ClInclude>
    <ClInclude Include="readingOperation.h">
      <Filter>Исходные файлы\node</Filter>
    </ClInclude>
    <ClInclude Include="textOperation.h">
      <Filter>Исходные файлы\node</Filter>
    </ClInclude>
    <ClInclude Include="struct.h">
      <Filter>Исходные файлы\node</Filter>
    </ClInclude>
    <ClInclude Include="entity.h">
      <Filter>Исходные файлы\entity</Filter>
    </ClInclude>
    <ClInclude Include="numberedConnectionHandling.h">
      <Filter>Исходные файлы</Filter>
    </ClInclude>
    <ClInclude Include="conRuleInterface.h">
      <Filter>Исходные файлы\connectionRule</Filter>
    </ClInclude>
    <ClInclude Include="standartConRule.h">
      <Filter>Исходные файлы\connectionRule</Filter>
    </ClInclude>
    <ClInclude Include="crSet.h">
      <Filter>Исходные файлы\connectionRule</Filter>
    </ClInclude>
    <ClInclude Include="operation.h">
      <Filter>Исходные файлы</Filter>
    </ClInclude>
    <ClInclude Include="serializer.h">
      <Filter>Исходные файлы\serializer</Filter>
    </ClInclude>
    <ClInclude Include="connectionPosition.h">
      <Filter>Файлы заголовков</Filter>
    </ClInclude>
  </ItemGroup>
  <ItemGroup>
    <Text Include="список задач.txt" />
  </ItemGroup>
  <ItemGroup>
    <ClCompile Include="mainFail.cpp">
      <Filter>Исходные файлы</Filter>
    </ClCompile>
  </ItemGroup>
</Project>